name: Unlock
on:
  repository_dispatch:
    types:
    - unlock-command

jobs:
  run:
    name: Unlock
    runs-on: ubuntu-latest
    permissions:
      contents: read
      id-token: write
    steps:
      - name: Create URL to the run output
        id: vars
        run: echo ::set-output name=run-url::https://github.com/$GITHUB_REPOSITORY/actions/runs/$GITHUB_RUN_ID

      - name: Create comment
        uses: peter-evans/create-or-update-comment@v2
        with:
          token: ${{ secrets.PAT }}
          repository: ${{ github.event.client_payload.github.payload.repository.full_name }}
          issue-number: ${{ github.event.client_payload.github.payload.issue.number }}
          body: |
            [Command run output](${{ steps.vars.outputs.run-url }})

      - name: Dump the client payload context
        env:
          PAYLOAD_CONTEXT: ${{ toJson(github.event.client_payload) }}
        run: echo "$PAYLOAD_CONTEXT"

      - name: Run unlock
        env:
          DIR: ${{ github.event.client_payload.slash_command.args.named.dir }}
        shell: bash
        run: |
          echo "dir: $DIR"
